// !$*UTF8*$!
{
	archiveVersion = 1;
	classes = {
	};
	objectVersion = 52;
	objects = {

/* Begin PBXBuildFile section */
		0B628177235DEE8100E35CAF /* AppDelegate.swift in Sources */ = {isa = PBXBuildFile; fileRef = 0B628176235DEE8100E35CAF /* AppDelegate.swift */; };
		0B628179235DEE8100E35CAF /* SceneDelegate.swift in Sources */ = {isa = PBXBuildFile; fileRef = 0B628178235DEE8100E35CAF /* SceneDelegate.swift */; };
		0B628183235DEE8400E35CAF /* LaunchScreen.storyboard in Resources */ = {isa = PBXBuildFile; fileRef = 0B628181235DEE8400E35CAF /* LaunchScreen.storyboard */; };
		0B62819E235F0F4D00E35CAF /* README.md in Resources */ = {isa = PBXBuildFile; fileRef = 0B62819D235F0F4D00E35CAF /* README.md */; };
		821DF3A6249EA29D0078596C /* Assets.xcassets in Resources */ = {isa = PBXBuildFile; fileRef = 821DF3A5249EA29D0078596C /* Assets.xcassets */; };
		821DF3A8249EA2C40078596C /* FriendsListViewController.swift in Sources */ = {isa = PBXBuildFile; fileRef = 821DF3A7249EA2C40078596C /* FriendsListViewController.swift */; };
		821DF3AD249EA2E50078596C /* LoginViewController.swift in Sources */ = {isa = PBXBuildFile; fileRef = 821DF3A9249EA2E30078596C /* LoginViewController.swift */; };
		821DF3AE249EA2E50078596C /* WelcomeViewController.swift in Sources */ = {isa = PBXBuildFile; fileRef = 821DF3AA249EA2E40078596C /* WelcomeViewController.swift */; };
		821DF3AF249EA2E50078596C /* ChatViewController.swift in Sources */ = {isa = PBXBuildFile; fileRef = 821DF3AB249EA2E40078596C /* ChatViewController.swift */; };
		821DF3B0249EA2E50078596C /* RegisterViewController.swift in Sources */ = {isa = PBXBuildFile; fileRef = 821DF3AC249EA2E50078596C /* RegisterViewController.swift */; };
		821DF3B2249EA32D0078596C /* Main.storyboard in Resources */ = {isa = PBXBuildFile; fileRef = 821DF3B1249EA32D0078596C /* Main.storyboard */; };
		821DF3B4249EA3770078596C /* Message.swift in Sources */ = {isa = PBXBuildFile; fileRef = 821DF3B3249EA3770078596C /* Message.swift */; };
		821DF3B6249EA3800078596C /* User.swift in Sources */ = {isa = PBXBuildFile; fileRef = 821DF3B5249EA3800078596C /* User.swift */; };
		821DF3B8249EA3890078596C /* Friend.swift in Sources */ = {isa = PBXBuildFile; fileRef = 821DF3B7249EA3890078596C /* Friend.swift */; };
		8245B3F82485F62B00574802 /* GoogleService-Info.plist in Resources */ = {isa = PBXBuildFile; fileRef = 8245B3F72485F62B00574802 /* GoogleService-Info.plist */; };
		8245B3FF2486D4A000574802 /* MessageCell.swift in Sources */ = {isa = PBXBuildFile; fileRef = 8245B3FD2486D4A000574802 /* MessageCell.swift */; };
		8245B4002486D4A000574802 /* MessageCell.xib in Resources */ = {isa = PBXBuildFile; fileRef = 8245B3FE2486D4A000574802 /* MessageCell.xib */; };
		8245B4032487338400574802 /* BuildFile in Frameworks */ = {isa = PBXBuildFile; productRef = 8245B4022487338400574802 /* SwiftPackageProductDependency */; };
		827B29F5249EA9BA00D649E2 /* K.swift in Sources */ = {isa = PBXBuildFile; fileRef = 827B29F4249EA9BA00D649E2 /* K.swift */; };
		827B29F8249EB8F400D649E2 /* db1.png in Resources */ = {isa = PBXBuildFile; fileRef = 827B29F6249EB8F200D649E2 /* db1.png */; };
		827B29F9249EB8F400D649E2 /* db2.png in Resources */ = {isa = PBXBuildFile; fileRef = 827B29F7249EB8F400D649E2 /* db2.png */; };
		827B29FD249EBAA500D649E2 /* ss1.png in Resources */ = {isa = PBXBuildFile; fileRef = 827B29FA249EBAA200D649E2 /* ss1.png */; };
		827B29FE249EBAA500D649E2 /* ss3.png in Resources */ = {isa = PBXBuildFile; fileRef = 827B29FB249EBAA400D649E2 /* ss3.png */; };
		827B29FF249EBAA500D649E2 /* ss2.png in Resources */ = {isa = PBXBuildFile; fileRef = 827B29FC249EBAA500D649E2 /* ss2.png */; };
		A61895F46847AB422961E15C /* Pods_InstaChat.framework in Frameworks */ = {isa = PBXBuildFile; fileRef = B356026A4CB8BCF5C75D7EEC /* Pods_InstaChat.framework */; };
/* End PBXBuildFile section */

/* Begin PBXFileReference section */
		0B628173235DEE8100E35CAF /* InstaChat.app */ = {isa = PBXFileReference; explicitFileType = wrapper.application; includeInIndex = 0; path = InstaChat.app; sourceTree = BUILT_PRODUCTS_DIR; };
		0B628176235DEE8100E35CAF /* AppDelegate.swift */ = {isa = PBXFileReference; lastKnownFileType = sourcecode.swift; path = AppDelegate.swift; sourceTree = "<group>"; };
		0B628178235DEE8100E35CAF /* SceneDelegate.swift */ = {isa = PBXFileReference; lastKnownFileType = sourcecode.swift; path = SceneDelegate.swift; sourceTree = "<group>"; };
		0B628182235DEE8400E35CAF /* Base */ = {isa = PBXFileReference; lastKnownFileType = file.storyboard; name = Base; path = Base.lproj/LaunchScreen.storyboard; sourceTree = "<group>"; };
		0B628184235DEE8400E35CAF /* Info.plist */ = {isa = PBXFileReference; lastKnownFileType = text.plist.xml; path = Info.plist; sourceTree = "<group>"; };
		0B62819D235F0F4D00E35CAF /* README.md */ = {isa = PBXFileReference; fileEncoding = 4; lastKnownFileType = net.daringfireball.markdown; path = README.md; sourceTree = "<group>"; };
		412B36D448A1CE6A218E1F58 /* Pods-InstaChat.release.xcconfig */ = {isa = PBXFileReference; includeInIndex = 1; lastKnownFileType = text.xcconfig; name = "Pods-InstaChat.release.xcconfig"; path = "Target Support Files/Pods-InstaChat/Pods-InstaChat.release.xcconfig"; sourceTree = "<group>"; };
		821DF3A5249EA29D0078596C /* Assets.xcassets */ = {isa = PBXFileReference; lastKnownFileType = folder.assetcatalog; path = Assets.xcassets; sourceTree = "<group>"; };
		821DF3A7249EA2C40078596C /* FriendsListViewController.swift */ = {isa = PBXFileReference; fileEncoding = 4; lastKnownFileType = sourcecode.swift; path = FriendsListViewController.swift; sourceTree = "<group>"; };
		821DF3A9249EA2E30078596C /* LoginViewController.swift */ = {isa = PBXFileReference; fileEncoding = 4; lastKnownFileType = sourcecode.swift; path = LoginViewController.swift; sourceTree = "<group>"; };
		821DF3AA249EA2E40078596C /* WelcomeViewController.swift */ = {isa = PBXFileReference; fileEncoding = 4; lastKnownFileType = sourcecode.swift; path = WelcomeViewController.swift; sourceTree = "<group>"; };
		821DF3AB249EA2E40078596C /* ChatViewController.swift */ = {isa = PBXFileReference; fileEncoding = 4; lastKnownFileType = sourcecode.swift; path = ChatViewController.swift; sourceTree = "<group>"; };
		821DF3AC249EA2E50078596C /* RegisterViewController.swift */ = {isa = PBXFileReference; fileEncoding = 4; lastKnownFileType = sourcecode.swift; path = RegisterViewController.swift; sourceTree = "<group>"; };
		821DF3B1249EA32D0078596C /* Main.storyboard */ = {isa = PBXFileReference; fileEncoding = 4; lastKnownFileType = file.storyboard; path = Main.storyboard; sourceTree = "<group>"; };
		821DF3B3249EA3770078596C /* Message.swift */ = {isa = PBXFileReference; fileEncoding = 4; lastKnownFileType = sourcecode.swift; path = Message.swift; sourceTree = "<group>"; };
		821DF3B5249EA3800078596C /* User.swift */ = {isa = PBXFileReference; fileEncoding = 4; lastKnownFileType = sourcecode.swift; path = User.swift; sourceTree = "<group>"; };
		821DF3B7249EA3890078596C /* Friend.swift */ = {isa = PBXFileReference; fileEncoding = 4; lastKnownFileType = sourcecode.swift; path = Friend.swift; sourceTree = "<group>"; };
		8245B3F72485F62B00574802 /* GoogleService-Info.plist */ = {isa = PBXFileReference; fileEncoding = 4; lastKnownFileType = text.plist.xml; path = "GoogleService-Info.plist"; sourceTree = "<group>"; };
		8245B3FD2486D4A000574802 /* MessageCell.swift */ = {isa = PBXFileReference; lastKnownFileType = sourcecode.swift; path = MessageCell.swift; sourceTree = "<group>"; };
		8245B3FE2486D4A000574802 /* MessageCell.xib */ = {isa = PBXFileReference; lastKnownFileType = file.xib; path = MessageCell.xib; sourceTree = "<group>"; };
		827B29F4249EA9BA00D649E2 /* K.swift */ = {isa = PBXFileReference; fileEncoding = 4; lastKnownFileType = sourcecode.swift; path = K.swift; sourceTree = "<group>"; };
		827B29F6249EB8F200D649E2 /* db1.png */ = {isa = PBXFileReference; lastKnownFileType = image.png; path = db1.png; sourceTree = "<group>"; };
		827B29F7249EB8F400D649E2 /* db2.png */ = {isa = PBXFileReference; lastKnownFileType = image.png; path = db2.png; sourceTree = "<group>"; };
		827B29FA249EBAA200D649E2 /* ss1.png */ = {isa = PBXFileReference; lastKnownFileType = image.png; path = ss1.png; sourceTree = "<group>"; };
		827B29FB249EBAA400D649E2 /* ss3.png */ = {isa = PBXFileReference; lastKnownFileType = image.png; path = ss3.png; sourceTree = "<group>"; };
		827B29FC249EBAA500D649E2 /* ss2.png */ = {isa = PBXFileReference; lastKnownFileType = image.png; path = ss2.png; sourceTree = "<group>"; };
		B356026A4CB8BCF5C75D7EEC /* Pods_InstaChat.framework */ = {isa = PBXFileReference; explicitFileType = wrapper.framework; includeInIndex = 0; path = Pods_InstaChat.framework; sourceTree = BUILT_PRODUCTS_DIR; };
		FA148548B1A988D68E76B4E8 /* Pods-InstaChat.debug.xcconfig */ = {isa = PBXFileReference; includeInIndex = 1; lastKnownFileType = text.xcconfig; name = "Pods-InstaChat.debug.xcconfig"; path = "Target Support Files/Pods-InstaChat/Pods-InstaChat.debug.xcconfig"; sourceTree = "<group>"; };
/* End PBXFileReference section */

/* Begin PBXFrameworksBuildPhase section */
		0B628170235DEE8100E35CAF /* Frameworks */ = {
			isa = PBXFrameworksBuildPhase;
			buildActionMask = 2147483647;
			files = (
				8245B4032487338400574802 /* BuildFile in Frameworks */,
				A61895F46847AB422961E15C /* Pods_InstaChat.framework in Frameworks */,
			);
			runOnlyForDeploymentPostprocessing = 0;
		};
/* End PBXFrameworksBuildPhase section */

/* Begin PBXGroup section */
		0B62816A235DEE8100E35CAF = {
			isa = PBXGroup;
			children = (
				827B29FB249EBAA400D649E2 /* ss3.png */,
				827B29FC249EBAA500D649E2 /* ss2.png */,
				827B29FA249EBAA200D649E2 /* ss1.png */,
				827B29F6249EB8F200D649E2 /* db1.png */,
				827B29F7249EB8F400D649E2 /* db2.png */,
				0B62819D235F0F4D00E35CAF /* README.md */,
				0B628175235DEE8100E35CAF /* InstaChat */,
				0B628174235DEE8100E35CAF /* Products */,
				638C81C8EA7C74E877D65DBA /* Pods */,
				BE67EA8D53FE3DAC3568F923 /* Frameworks */,
			);
			sourceTree = "<group>";
		};
		0B628174235DEE8100E35CAF /* Products */ = {
			isa = PBXGroup;
			children = (
				0B628173235DEE8100E35CAF /* InstaChat.app */,
			);
			name = Products;
			sourceTree = "<group>";
		};
		0B628175235DEE8100E35CAF /* InstaChat */ = {
			isa = PBXGroup;
			children = (
				0B628176235DEE8100E35CAF /* AppDelegate.swift */,
				0B628178235DEE8100E35CAF /* SceneDelegate.swift */,
				0B628194235DF03A00E35CAF /* Models */,
				0B628193235DF03400E35CAF /* Views */,
				0B628192235DF02000E35CAF /* Controllers */,
				0B628181235DEE8400E35CAF /* LaunchScreen.storyboard */,
				821DF3A5249EA29D0078596C /* Assets.xcassets */,
				0B628184235DEE8400E35CAF /* Info.plist */,
				8245B3F72485F62B00574802 /* GoogleService-Info.plist */,
				827B29F4249EA9BA00D649E2 /* K.swift */,
			);
			path = InstaChat;
			sourceTree = "<group>";
		};
		0B628192235DF02000E35CAF /* Controllers */ = {
			isa = PBXGroup;
			children = (
				821DF3AA249EA2E40078596C /* WelcomeViewController.swift */,
				821DF3AC249EA2E50078596C /* RegisterViewController.swift */,
				821DF3A9249EA2E30078596C /* LoginViewController.swift */,
				821DF3A7249EA2C40078596C /* FriendsListViewController.swift */,
				821DF3AB249EA2E40078596C /* ChatViewController.swift */,
			);
			path = Controllers;
			sourceTree = "<group>";
		};
		0B628193235DF03400E35CAF /* Views */ = {
			isa = PBXGroup;
			children = (
				821DF3B1249EA32D0078596C /* Main.storyboard */,
				8245B3FD2486D4A000574802 /* MessageCell.swift */,
				8245B3FE2486D4A000574802 /* MessageCell.xib */,
			);
			path = Views;
			sourceTree = "<group>";
		};
		0B628194235DF03A00E35CAF /* Models */ = {
			isa = PBXGroup;
			children = (
				821DF3B3249EA3770078596C /* Message.swift */,
				821DF3B7249EA3890078596C /* Friend.swift */,
				821DF3B5249EA3800078596C /* User.swift */,
			);
			path = Models;
			sourceTree = "<group>";
		};
		638C81C8EA7C74E877D65DBA /* Pods */ = {
			isa = PBXGroup;
			children = (
				FA148548B1A988D68E76B4E8 /* Pods-InstaChat.debug.xcconfig */,
				412B36D448A1CE6A218E1F58 /* Pods-InstaChat.release.xcconfig */,
			);
			path = Pods;
			sourceTree = "<group>";
		};
		BE67EA8D53FE3DAC3568F923 /* Frameworks */ = {
			isa = PBXGroup;
			children = (
				B356026A4CB8BCF5C75D7EEC /* Pods_InstaChat.framework */,
			);
			name = Frameworks;
			sourceTree = "<group>";
		};
/* End PBXGroup section */

/* Begin PBXNativeTarget section */
		0B628172235DEE8100E35CAF /* InstaChat */ = {
			isa = PBXNativeTarget;
			buildConfigurationList = 0B628187235DEE8400E35CAF /* Build configuration list for PBXNativeTarget "InstaChat" */;
			buildPhases = (
				F772145ED852BED302AA400B /* [CP] Check Pods Manifest.lock */,
				0B62816F235DEE8100E35CAF /* Sources */,
				0B628170235DEE8100E35CAF /* Frameworks */,
				0B628171235DEE8100E35CAF /* Resources */,
				B7959139646B5D688E16E6E6 /* [CP] Embed Pods Frameworks */,
			);
			buildRules = (
			);
			dependencies = (
			);
			name = InstaChat;
			packageProductDependencies = (
				8245B4022487338400574802 /* SwiftPackageProductDependency */,
			);
			productName = "Flash Chat iOS13";
			productReference = 0B628173235DEE8100E35CAF /* InstaChat.app */;
			productType = "com.apple.product-type.application";
		};
/* End PBXNativeTarget section */

/* Begin PBXProject section */
		0B62816B235DEE8100E35CAF /* Project object */ = {
			isa = PBXProject;
			attributes = {
				LastSwiftUpdateCheck = 1110;
				LastUpgradeCheck = 1110;
				ORGANIZATIONNAME = "Yu Lin";
				TargetAttributes = {
					0B628172235DEE8100E35CAF = {
						CreatedOnToolsVersion = 11.1;
					};
				};
			};
			buildConfigurationList = 0B62816E235DEE8100E35CAF /* Build configuration list for PBXProject "InstaChat" */;
			compatibilityVersion = "Xcode 9.3";
			developmentRegion = en;
			hasScannedForEncodings = 0;
			knownRegions = (
				en,
				Base,
			);
			mainGroup = 0B62816A235DEE8100E35CAF;
			packageReferences = (
				8245B4012487338400574802 /* RemoteSwiftPackageReference */,
			);
			productRefGroup = 0B628174235DEE8100E35CAF /* Products */;
			projectDirPath = "";
			projectRoot = "";
			targets = (
				0B628172235DEE8100E35CAF /* InstaChat */,
			);
		};
/* End PBXProject section */

/* Begin PBXResourcesBuildPhase section */
		0B628171235DEE8100E35CAF /* Resources */ = {
			isa = PBXResourcesBuildPhase;
			buildActionMask = 2147483647;
			files = (
				0B628183235DEE8400E35CAF /* LaunchScreen.storyboard in Resources */,
				8245B4002486D4A000574802 /* MessageCell.xib in Resources */,
				827B29FF249EBAA500D649E2 /* ss2.png in Resources */,
				8245B3F82485F62B00574802 /* GoogleService-Info.plist in Resources */,
				821DF3B2249EA32D0078596C /* Main.storyboard in Resources */,
				827B29F9249EB8F400D649E2 /* db2.png in Resources */,
				0B62819E235F0F4D00E35CAF /* README.md in Resources */,
				827B29FE249EBAA500D649E2 /* ss3.png in Resources */,
				827B29F8249EB8F400D649E2 /* db1.png in Resources */,
				827B29FD249EBAA500D649E2 /* ss1.png in Resources */,
				821DF3A6249EA29D0078596C /* Assets.xcassets in Resources */,
			);
			runOnlyForDeploymentPostprocessing = 0;
		};
/* End PBXResourcesBuildPhase section */

/* Begin PBXShellScriptBuildPhase section */
		B7959139646B5D688E16E6E6 /* [CP] Embed Pods Frameworks */ = {
			isa = PBXShellScriptBuildPhase;
			buildActionMask = 2147483647;
			files = (
			);
			inputFileListPaths = (
				"${PODS_ROOT}/Target Support Files/Pods-InstaChat/Pods-InstaChat-frameworks-${CONFIGURATION}-input-files.xcfilelist",
			);
			name = "[CP] Embed Pods Frameworks";
			outputFileListPaths = (
				"${PODS_ROOT}/Target Support Files/Pods-InstaChat/Pods-InstaChat-frameworks-${CONFIGURATION}-output-files.xcfilelist",
			);
			runOnlyForDeploymentPostprocessing = 0;
			shellPath = /bin/sh;
			shellScript = "\"${PODS_ROOT}/Target Support Files/Pods-InstaChat/Pods-InstaChat-frameworks.sh\"\n";
			showEnvVarsInLog = 0;
		};
		F772145ED852BED302AA400B /* [CP] Check Pods Manifest.lock */ = {
			isa = PBXShellScriptBuildPhase;
			buildActionMask = 2147483647;
			files = (
			);
			inputFileListPaths = (
			);
			inputPaths = (
				"${PODS_PODFILE_DIR_PATH}/Podfile.lock",
				"${PODS_ROOT}/Manifest.lock",
			);
			name = "[CP] Check Pods Manifest.lock";
			outputFileListPaths = (
			);
			outputPaths = (
				"$(DERIVED_FILE_DIR)/Pods-InstaChat-checkManifestLockResult.txt",
			);
			runOnlyForDeploymentPostprocessing = 0;
			shellPath = /bin/sh;
			shellScript = "diff \"${PODS_PODFILE_DIR_PATH}/Podfile.lock\" \"${PODS_ROOT}/Manifest.lock\" > /dev/null\nif [ $? != 0 ] ; then\n    # print error to STDERR\n    echo \"error: The sandbox is not in sync with the Podfile.lock. Run 'pod install' or update your CocoaPods installation.\" >&2\n    exit 1\nfi\n# This output is used by Xcode 'outputs' to avoid re-running this script phase.\necho \"SUCCESS\" > \"${SCRIPT_OUTPUT_FILE_0}\"\n";
			showEnvVarsInLog = 0;
		};
/* End PBXShellScriptBuildPhase section */

/* Begin PBXSourcesBuildPhase section */
		0B62816F235DEE8100E35CAF /* Sources */ = {
			isa = PBXSourcesBuildPhase;
			buildActionMask = 2147483647;
			files = (
				821DF3AD249EA2E50078596C /* LoginViewController.swift in Sources */,
				821DF3B0249EA2E50078596C /* RegisterViewController.swift in Sources */,
				821DF3AE249EA2E50078596C /* WelcomeViewController.swift in Sources */,
				821DF3B8249EA3890078596C /* Friend.swift in Sources */,
				827B29F5249EA9BA00D649E2 /* K.swift in Sources */,
				821DF3A8249EA2C40078596C /* FriendsListViewController.swift in Sources */,
				0B628177235DEE8100E35CAF /* AppDelegate.swift in Sources */,
				0B628179235DEE8100E35CAF /* SceneDelegate.swift in Sources */,
				821DF3B4249EA3770078596C /* Message.swift in Sources */,
				821DF3AF249EA2E50078596C /* ChatViewController.swift in Sources */,
				8245B3FF2486D4A000574802 /* MessageCell.swift in Sources */,
				821DF3B6249EA3800078596C /* User.swift in Sources */,
			);
			runOnlyForDeploymentPostprocessing = 0;
		};
/* End PBXSourcesBuildPhase section */

/* Begin PBXVariantGroup section */
		0B628181235DEE8400E35CAF /* LaunchScreen.storyboard */ = {
			isa = PBXVariantGroup;
			children = (
				0B628182235DEE8400E35CAF /* Base */,
			);
			name = LaunchScreen.storyboard;
			sourceTree = "<group>";
		};
/* End PBXVariantGroup section */

/* Begin XCBuildConfiguration section */
		0B628185235DEE8400E35CAF /* Debug */ = {
			isa = XCBuildConfiguration;
			buildSettings = {
				ALWAYS_SEARCH_USER_PATHS = NO;
				CLANG_ANALYZER_NONNULL = YES;
				CLANG_ANALYZER_NUMBER_OBJECT_CONVERSION = YES_AGGRESSIVE;
				CLANG_CXX_LANGUAGE_STANDARD = "gnu++14";
				CLANG_CXX_LIBRARY = "libc++";
				CLANG_ENABLE_MODULES = YES;
				CLANG_ENABLE_OBJC_ARC = YES;
				CLANG_ENABLE_OBJC_WEAK = YES;
				CLANG_WARN_BLOCK_CAPTURE_AUTORELEASING = YES;
				CLANG_WARN_BOOL_CONVERSION = YES;
				CLANG_WARN_COMMA = YES;
				CLANG_WARN_CONSTANT_CONVERSION = YES;
				CLANG_WARN_DEPRECATED_OBJC_IMPLEMENTATIONS = YES;
				CLANG_WARN_DIRECT_OBJC_ISA_USAGE = YES_ERROR;
				CLANG_WARN_DOCUMENTATION_COMMENTS = YES;
				CLANG_WARN_EMPTY_BODY = YES;
				CLANG_WARN_ENUM_CONVERSION = YES;
				CLANG_WARN_INFINITE_RECURSION = YES;
				CLANG_WARN_INT_CONVERSION = YES;
				CLANG_WARN_NON_LITERAL_NULL_CONVERSION = YES;
				CLANG_WARN_OBJC_IMPLICIT_RETAIN_SELF = YES;
				CLANG_WARN_OBJC_LITERAL_CONVERSION = YES;
				CLANG_WARN_OBJC_ROOT_CLASS = YES_ERROR;
				CLANG_WARN_RANGE_LOOP_ANALYSIS = YES;
				CLANG_WARN_STRICT_PROTOTYPES = YES;
				CLANG_WARN_SUSPICIOUS_MOVE = YES;
				CLANG_WARN_UNGUARDED_AVAILABILITY = YES_AGGRESSIVE;
				CLANG_WARN_UNREACHABLE_CODE = YES;
				CLANG_WARN__DUPLICATE_METHOD_MATCH = YES;
				COPY_PHASE_STRIP = NO;
				DEBUG_INFORMATION_FORMAT = dwarf;
				ENABLE_STRICT_OBJC_MSGSEND = YES;
				ENABLE_TESTABILITY = YES;
				GCC_C_LANGUAGE_STANDARD = gnu11;
				GCC_DYNAMIC_NO_PIC = NO;
				GCC_NO_COMMON_BLOCKS = YES;
				GCC_OPTIMIZATION_LEVEL = 0;
				GCC_PREPROCESSOR_DEFINITIONS = (
					"DEBUG=1",
					"$(inherited)",
				);
				GCC_WARN_64_TO_32_BIT_CONVERSION = YES;
				GCC_WARN_ABOUT_RETURN_TYPE = YES_ERROR;
				GCC_WARN_UNDECLARED_SELECTOR = YES;
				GCC_WARN_UNINITIALIZED_AUTOS = YES_AGGRESSIVE;
				GCC_WARN_UNUSED_FUNCTION = YES;
				GCC_WARN_UNUSED_VARIABLE = YES;
				IPHONEOS_DEPLOYMENT_TARGET = 13.0;
				MTL_ENABLE_DEBUG_INFO = INCLUDE_SOURCE;
				MTL_FAST_MATH = YES;
				ONLY_ACTIVE_ARCH = YES;
				SDKROOT = iphoneos;
				SWIFT_ACTIVE_COMPILATION_CONDITIONS = DEBUG;
				SWIFT_OPTIMIZATION_LEVEL = "-Onone";
			};
			name = Debug;
		};
		0B628186235DEE8400E35CAF /* Release */ = {
			isa = XCBuildConfiguration;
			buildSettings = {
				ALWAYS_SEARCH_USER_PATHS = NO;
				CLANG_ANALYZER_NONNULL = YES;
				CLANG_ANALYZER_NUMBER_OBJECT_CONVERSION = YES_AGGRESSIVE;
				CLANG_CXX_LANGUAGE_STANDARD = "gnu++14";
				CLANG_CXX_LIBRARY = "libc++";
				CLANG_ENABLE_MODULES = YES;
				CLANG_ENABLE_OBJC_ARC = YES;
				CLANG_ENABLE_OBJC_WEAK = YES;
				CLANG_WARN_BLOCK_CAPTURE_AUTORELEASING = YES;
				CLANG_WARN_BOOL_CONVERSION = YES;
				CLANG_WARN_COMMA = YES;
				CLANG_WARN_CONSTANT_CONVERSION = YES;
				CLANG_WARN_DEPRECATED_OBJC_IMPLEMENTATIONS = YES;
				CLANG_WARN_DIRECT_OBJC_ISA_USAGE = YES_ERROR;
				CLANG_WARN_DOCUMENTATION_COMMENTS = YES;
				CLANG_WARN_EMPTY_BODY = YES;
				CLANG_WARN_ENUM_CONVERSION = YES;
				CLANG_WARN_INFINITE_RECURSION = YES;
				CLANG_WARN_INT_CONVERSION = YES;
				CLANG_WARN_NON_LITERAL_NULL_CONVERSION = YES;
				CLANG_WARN_OBJC_IMPLICIT_RETAIN_SELF = YES;
				CLANG_WARN_OBJC_LITERAL_CONVERSION = YES;
				CLANG_WARN_OBJC_ROOT_CLASS = YES_ERROR;
				CLANG_WARN_RANGE_LOOP_ANALYSIS = YES;
				CLANG_WARN_STRICT_PROTOTYPES = YES;
				CLANG_WARN_SUSPICIOUS_MOVE = YES;
				CLANG_WARN_UNGUARDED_AVAILABILITY = YES_AGGRESSIVE;
				CLANG_WARN_UNREACHABLE_CODE = YES;
				CLANG_WARN__DUPLICATE_METHOD_MATCH = YES;
				COPY_PHASE_STRIP = NO;
				DEBUG_INFORMATION_FORMAT = "dwarf-with-dsym";
				ENABLE_NS_ASSERTIONS = NO;
				ENABLE_STRICT_OBJC_MSGSEND = YES;
				GCC_C_LANGUAGE_STANDARD = gnu11;
				GCC_NO_COMMON_BLOCKS = YES;
				GCC_WARN_64_TO_32_BIT_CONVERSION = YES;
				GCC_WARN_ABOUT_RETURN_TYPE = YES_ERROR;
				GCC_WARN_UNDECLARED_SELECTOR = YES;
				GCC_WARN_UNINITIALIZED_AUTOS = YES_AGGRESSIVE;
				GCC_WARN_UNUSED_FUNCTION = YES;
				GCC_WARN_UNUSED_VARIABLE = YES;
				IPHONEOS_DEPLOYMENT_TARGET = 13.0;
				MTL_ENABLE_DEBUG_INFO = NO;
				MTL_FAST_MATH = YES;
				SDKROOT = iphoneos;
				SWIFT_COMPILATION_MODE = wholemodule;
				SWIFT_OPTIMIZATION_LEVEL = "-O";
				VALIDATE_PRODUCT = YES;
			};
			name = Release;
		};
		0B628188235DEE8400E35CAF /* Debug */ = {
			isa = XCBuildConfiguration;
			baseConfigurationReference = FA148548B1A988D68E76B4E8 /* Pods-InstaChat.debug.xcconfig */;
			buildSettings = {
				ASSETCATALOG_COMPILER_APPICON_NAME = AppIcon;
				CODE_SIGN_STYLE = Automatic;
				DEVELOPMENT_TEAM = ZM58J6UR9L;
				INFOPLIST_FILE = InstaChat/Info.plist;
				LD_RUNPATH_SEARCH_PATHS = (
					"$(inherited)",
					"@executable_path/Frameworks",
				);
				PRODUCT_BUNDLE_IDENTIFIER = yulin6.InstaChat;
				PRODUCT_NAME = InstaChat;
				SWIFT_VERSION = 5.0;
				TARGETED_DEVICE_FAMILY = 1;
			};
			name = Debug;
		};
		0B628189235DEE8400E35CAF /* Release */ = {
			isa = XCBuildConfiguration;
			baseConfigurationReference = 412B36D448A1CE6A218E1F58 /* Pods-InstaChat.release.xcconfig */;
			buildSettings = {
				ASSETCATALOG_COMPILER_APPICON_NAME = AppIcon;
				CODE_SIGN_STYLE = Automatic;
				DEVELOPMENT_TEAM = ZM58J6UR9L;
				INFOPLIST_FILE = InstaChat/Info.plist;
				LD_RUNPATH_SEARCH_PATHS = (
					"$(inherited)",
					"@executable_path/Frameworks",
				);
				PRODUCT_BUNDLE_IDENTIFIER = yulin6.InstaChat;
				PRODUCT_NAME = InstaChat;
				SWIFT_VERSION = 5.0;
				TARGETED_DEVICE_FAMILY = 1;
			};
			name = Release;
		};
/* End XCBuildConfiguration section */

/* Begin XCConfigurationList section */
		0B62816E235DEE8100E35CAF /* Build configuration list for PBXProject "InstaChat" */ = {
			isa = XCConfigurationList;
			buildConfigurations = (
				0B628185235DEE8400E35CAF /* Debug */,
				0B628186235DEE8400E35CAF /* Release */,
			);
			defaultConfigurationIsVisible = 0;
			defaultConfigurationName = Release;
		};
		0B628187235DEE8400E35CAF /* Build configuration list for PBXNativeTarget "InstaChat" */ = {
			isa = XCConfigurationList;
			buildConfigurations = (
				0B628188235DEE8400E35CAF /* Debug */,
				0B628189235DEE8400E35CAF /* Release */,
			);
			defaultConfigurationIsVisible = 0;
			defaultConfigurationName = Release;
		};
/* End XCConfigurationList section */

/* Begin XCRemoteSwiftPackageReference section */
		8245B4012487338400574802 /* RemoteSwiftPackageReference */ = {
			isa = XCRemoteSwiftPackageReference;
			repositoryURL = "https://github.com/hackiftekhar/IQKeyboardManager";
			requirement = {
				kind = upToNextMajorVersion;
				minimumVersion = 6.5.5;
			};
		};
/* End XCRemoteSwiftPackageReference section */

/* Begin XCSwiftPackageProductDependency section */
		8245B4022487338400574802 /* SwiftPackageProductDependency */ = {
			isa = XCSwiftPackageProductDependency;
			package = 8245B4012487338400574802 /* RemoteSwiftPackageReference */;
			productName = IQKeyboardManagerSwift;
		};
/* End XCSwiftPackageProductDependency section */
	};
	rootObject = 0B62816B235DEE8100E35CAF /* Project object */;
}
